
Microsoft Visual Studio Solution File, Format Version 12.00
# Visual Studio Version 16
VisualStudioVersion = 16.0.31321.278
MinimumVisualStudioVersion = 10.0.40219.1
Project("{9A19103F-16F7-4668-BE54-9A1E7A4F7556}") = "API", "API\API.csproj", "{8FD2642D-2506-49D1-92DD-0A98B48E5EA0}"
EndProject
Project("{FAE04EC0-301F-11D3-BF4B-00C04F79EFBC}") = "Core", "Core\Core.csproj", "{41381EF5-1032-4D0F-8094-8B69C214BFC6}"
EndProject
Project("{FAE04EC0-301F-11D3-BF4B-00C04F79EFBC}") = "Infrastructure", "Infrastructure\Infrastructure.csproj", "{0F095A0E-0D41-4CB3-B649-FFD0758A99BE}"
EndProject
Global
	GlobalSection(SolutionConfigurationPlatforms) = preSolution
		Debug|Any CPU = Debug|Any CPU
		Release|Any CPU = Release|Any CPU
	EndGlobalSection
	GlobalSection(ProjectConfigurationPlatforms) = postSolution
		{8FD2642D-2506-49D1-92DD-0A98B48E5EA0}.Debug|Any CPU.ActiveCfg = Debug|Any CPU
		{8FD2642D-2506-49D1-92DD-0A98B48E5EA0}.Debug|Any CPU.Build.0 = Debug|Any CPU
		{8FD2642D-2506-49D1-92DD-0A98B48E5EA0}.Release|Any CPU.ActiveCfg = Release|Any CPU
		{8FD2642D-2506-49D1-92DD-0A98B48E5EA0}.Release|Any CPU.Build.0 = Release|Any CPU
		{41381EF5-1032-4D0F-8094-8B69C214BFC6}.Debug|Any CPU.ActiveCfg = Debug|Any CPU
		{41381EF5-1032-4D0F-8094-8B69C214BFC6}.Debug|Any CPU.Build.0 = Debug|Any CPU
		{41381EF5-1032-4D0F-8094-8B69C214BFC6}.Release|Any CPU.ActiveCfg = Release|Any CPU
		{41381EF5-1032-4D0F-8094-8B69C214BFC6}.Release|Any CPU.Build.0 = Release|Any CPU
		{0F095A0E-0D41-4CB3-B649-FFD0758A99BE}.Debug|Any CPU.ActiveCfg = Debug|Any CPU
		{0F095A0E-0D41-4CB3-B649-FFD0758A99BE}.Debug|Any CPU.Build.0 = Debug|Any CPU
		{0F095A0E-0D41-4CB3-B649-FFD0758A99BE}.Release|Any CPU.ActiveCfg = Release|Any CPU
		{0F095A0E-0D41-4CB3-B649-FFD0758A99BE}.Release|Any CPU.Build.0 = Release|Any CPU
	EndGlobalSection
	GlobalSection(SolutionProperties) = preSolution
		HideSolutionNode = FALSE
	EndGlobalSection
	GlobalSection(ExtensibilityGlobals) = postSolution
		SolutionGuid = {C5116171-6371-4E1C-A088-71C285637B1F}
	EndGlobalSection
EndGlobal
